
Microsoft Visual Studio Solution File, Format Version 12.00
# Visual Studio 15
VisualStudioVersion = 15.0.27130.2027
MinimumVisualStudioVersion = 10.0.40219.1
Project("{9A19103F-16F7-4668-BE54-9A1E7A4F7556}") = "LegacyLib", "LegacyLib\LegacyLib.csproj", "{E268E294-88A2-4AB4-A13A-D1E11E3520BE}"
EndProject
Project("{FAE04EC0-301F-11D3-BF4B-00C04F79EFBC}") = "Nullability", "Nullability\Nullability.csproj", "{610C1091-DEE6-41CD-AAED-8EA99EB68D38}"
EndProject
Global
	GlobalSection(SolutionConfigurationPlatforms) = preSolution
		Debug|Any CPU = Debug|Any CPU
		Release|Any CPU = Release|Any CPU
	EndGlobalSection
	GlobalSection(ProjectConfigurationPlatforms) = postSolution
		{E268E294-88A2-4AB4-A13A-D1E11E3520BE}.Debug|Any CPU.ActiveCfg = Debug|Any CPU
		{E268E294-88A2-4AB4-A13A-D1E11E3520BE}.Debug|Any CPU.Build.0 = Debug|Any CPU
		{E268E294-88A2-4AB4-A13A-D1E11E3520BE}.Release|Any CPU.ActiveCfg = Release|Any CPU
		{E268E294-88A2-4AB4-A13A-D1E11E3520BE}.Release|Any CPU.Build.0 = Release|Any CPU
		{610C1091-DEE6-41CD-AAED-8EA99EB68D38}.Debug|Any CPU.ActiveCfg = Debug|Any CPU
		{610C1091-DEE6-41CD-AAED-8EA99EB68D38}.Debug|Any CPU.Build.0 = Debug|Any CPU
		{610C1091-DEE6-41CD-AAED-8EA99EB68D38}.Release|Any CPU.ActiveCfg = Release|Any CPU
		{610C1091-DEE6-41CD-AAED-8EA99EB68D38}.Release|Any CPU.Build.0 = Release|Any CPU
	EndGlobalSection
	GlobalSection(SolutionProperties) = preSolution
		HideSolutionNode = FALSE
	EndGlobalSection
	GlobalSection(ExtensibilityGlobals) = postSolution
		SolutionGuid = {18036EF6-D36A-4ED5-B6F9-A3D6D3A96088}
	EndGlobalSection
EndGlobal
