
Microsoft Visual Studio Solution File, Format Version 12.00
# Visual Studio 15
VisualStudioVersion = 15.0.27130.2027
MinimumVisualStudioVersion = 10.0.40219.1
Project("{FAE04EC0-301F-11D3-BF4B-00C04F79EFBC}") = "ReferenceSemantics", "ReferenceSemantics\ReferenceSemantics.csproj", "{FC29A121-F3C6-491D-8BB8-5F5E75330949}"
EndProject
Global
	GlobalSection(SolutionConfigurationPlatforms) = preSolution
		Debug|Any CPU = Debug|Any CPU
		Release|Any CPU = Release|Any CPU
	EndGlobalSection
	GlobalSection(ProjectConfigurationPlatforms) = postSolution
		{FC29A121-F3C6-491D-8BB8-5F5E75330949}.Debug|Any CPU.ActiveCfg = Debug|Any CPU
		{FC29A121-F3C6-491D-8BB8-5F5E75330949}.Debug|Any CPU.Build.0 = Debug|Any CPU
		{FC29A121-F3C6-491D-8BB8-5F5E75330949}.Release|Any CPU.ActiveCfg = Release|Any CPU
		{FC29A121-F3C6-491D-8BB8-5F5E75330949}.Release|Any CPU.Build.0 = Release|Any CPU
	EndGlobalSection
	GlobalSection(SolutionProperties) = preSolution
		HideSolutionNode = FALSE
	EndGlobalSection
	GlobalSection(ExtensibilityGlobals) = postSolution
		SolutionGuid = {680A54C9-83EA-4C8D-A3C8-3C267A847BF1}
	EndGlobalSection
EndGlobal
