
Microsoft Visual Studio Solution File, Format Version 12.00
# Visual Studio 15
VisualStudioVersion = 15.0.27130.2027
MinimumVisualStudioVersion = 10.0.40219.1
Project("{9A19103F-16F7-4668-BE54-9A1E7A4F7556}") = "ArrayPoolSample", "ArrayPoolSample.csproj", "{9F4C8CDE-71E1-41D9-8E1A-50C749F7EBB3}"
EndProject
Global
	GlobalSection(SolutionConfigurationPlatforms) = preSolution
		Debug|Any CPU = Debug|Any CPU
		Release|Any CPU = Release|Any CPU
	EndGlobalSection
	GlobalSection(ProjectConfigurationPlatforms) = postSolution
		{9F4C8CDE-71E1-41D9-8E1A-50C749F7EBB3}.Debug|Any CPU.ActiveCfg = Debug|Any CPU
		{9F4C8CDE-71E1-41D9-8E1A-50C749F7EBB3}.Debug|Any CPU.Build.0 = Debug|Any CPU
		{9F4C8CDE-71E1-41D9-8E1A-50C749F7EBB3}.Release|Any CPU.ActiveCfg = Release|Any CPU
		{9F4C8CDE-71E1-41D9-8E1A-50C749F7EBB3}.Release|Any CPU.Build.0 = Release|Any CPU
	EndGlobalSection
	GlobalSection(SolutionProperties) = preSolution
		HideSolutionNode = FALSE
	EndGlobalSection
	GlobalSection(ExtensibilityGlobals) = postSolution
		SolutionGuid = {90D5E491-732D-4AB7-9D50-685B098D5D76}
	EndGlobalSection
EndGlobal
